
Microsoft Visual Studio Solution File, Format Version 12.00
# Visual Studio Version 16
VisualStudioVersion = 16.0.30002.166
MinimumVisualStudioVersion = 10.0.40219.1
Project("{FAE04EC0-301F-11D3-BF4B-00C04F79EFBC}") = "CatanProxy", "CatanProxy.csproj", "{21ED1D71-82F8-4D2E-8A74-37C6C4BB4DA4}"
EndProject
Global
	GlobalSection(SolutionConfigurationPlatforms) = preSolution
		Debug|Any CPU = Debug|Any CPU
		Release|Any CPU = Release|Any CPU
	EndGlobalSection
	GlobalSection(ProjectConfigurationPlatforms) = postSolution
		{21ED1D71-82F8-4D2E-8A74-37C6C4BB4DA4}.Debug|Any CPU.ActiveCfg = Debug|Any CPU
		{21ED1D71-82F8-4D2E-8A74-37C6C4BB4DA4}.Debug|Any CPU.Build.0 = Debug|Any CPU
		{21ED1D71-82F8-4D2E-8A74-37C6C4BB4DA4}.Release|Any CPU.ActiveCfg = Release|Any CPU
		{21ED1D71-82F8-4D2E-8A74-37C6C4BB4DA4}.Release|Any CPU.Build.0 = Release|Any CPU
	EndGlobalSection
	GlobalSection(SolutionProperties) = preSolution
		HideSolutionNode = FALSE
	EndGlobalSection
	GlobalSection(ExtensibilityGlobals) = postSolution
		SolutionGuid = {2235BC78-7612-4381-9EF7-E31B63535B51}
	EndGlobalSection
EndGlobal
